
Microsoft Visual Studio Solution File, Format Version 12.00
# Visual Studio Version 17
VisualStudioVersion = 17.4.33110.190
MinimumVisualStudioVersion = 10.0.40219.1
Project("{FAE04EC0-301F-11D3-BF4B-00C04F79EFBC}") = "BSCSMVC", "BSCSMVC\BSCSMVC.csproj", "{258AF0C2-2C0A-4C38-B94B-221A12DC3D6A}"
EndProject
Global
	GlobalSection(SolutionConfigurationPlatforms) = preSolution
		Debug|Any CPU = Debug|Any CPU
		Release|Any CPU = Release|Any CPU
	EndGlobalSection
	GlobalSection(ProjectConfigurationPlatforms) = postSolution
		{258AF0C2-2C0A-4C38-B94B-221A12DC3D6A}.Debug|Any CPU.ActiveCfg = Debug|Any CPU
		{258AF0C2-2C0A-4C38-B94B-221A12DC3D6A}.Debug|Any CPU.Build.0 = Debug|Any CPU
		{258AF0C2-2C0A-4C38-B94B-221A12DC3D6A}.Release|Any CPU.ActiveCfg = Release|Any CPU
		{258AF0C2-2C0A-4C38-B94B-221A12DC3D6A}.Release|Any CPU.Build.0 = Release|Any CPU
	EndGlobalSection
	GlobalSection(SolutionProperties) = preSolution
		HideSolutionNode = FALSE
	EndGlobalSection
	GlobalSection(ExtensibilityGlobals) = postSolution
		SolutionGuid = {B9B834A6-35C4-420C-87CE-5C25EB21D377}
	EndGlobalSection
EndGlobal
